PODS:
  - Alamofire (5.4.4)
  - JGProgressHUD (2.2)
  - LBTATools (1.0.12)
  - SDWebImage (5.11.1):
    - SDWebImage/Core (= 5.11.1)
  - SDWebImage/Core (5.11.1)

DEPENDENCIES:
  - Alamofire
  - JGProgressHUD
  - LBTATools
  - SDWebImage

SPEC REPOS:
  trunk:
    - Alamofire
    - JGProgressHUD
    - LBTATools
    - SDWebImage

SPEC CHECKSUMS:
  Alamofire: f3b09a368f1582ab751b3fff5460276e0d2cf5c9
  JGProgressHUD: d83d7a981b85d11205e19ff8ad5bb9c40571c847
  LBTATools: 389a901a01b9a56bea5682c40cd6e23530f40015
  SDWebImage: a7f831e1a65eb5e285e3fb046a23fcfbf08e696d

PODFILE CHECKSUM: 49519b34f9be5b7ded3f6ece8b734842688f474c

COCOAPODS: 1.11.2
